Microsoft Visual Studio Solution File, Format Version 12.00
# Visual Studio 2013 
VisualStudioVersion = 12.0.30324.0
MinimumVisualStudioVersion = 10.0.40219.1
Project("{8BC9CEB8-8B4A-11D0-8D11-00A0C91BC942}") = "%GAME_SHORT_NAME%", "%GAME_SHORT_NAME%.vcxproj", "{A8B1AAF7-D90C-4B30-BA48-09C642C5CDE6}"
EndProject
Global
	GlobalSection(SolutionConfigurationPlatforms) = preSolution
		Debug|ARM = Debug|ARM
		Debug|Win32 = Debug|Win32
		Release|ARM = Release|ARM
		Release|Win32 = Release|Win32
	EndGlobalSection
	GlobalSection(ProjectConfigurationPlatforms) = postSolution
		{A8B1AAF7-D90C-4B30-BA48-09C642C5CDE6}.Debug|ARM.ActiveCfg = Debug|ARM
		{A8B1AAF7-D90C-4B30-BA48-09C642C5CDE6}.Debug|ARM.Build.0 = Debug|ARM
		{A8B1AAF7-D90C-4B30-BA48-09C642C5CDE6}.Debug|ARM.Deploy.0 = Debug|ARM
		{A8B1AAF7-D90C-4B30-BA48-09C642C5CDE6}.Debug|Win32.ActiveCfg = Debug|Win32
		{A8B1AAF7-D90C-4B30-BA48-09C642C5CDE6}.Debug|Win32.Build.0 = Debug|Win32
		{A8B1AAF7-D90C-4B30-BA48-09C642C5CDE6}.Debug|Win32.Deploy.0 = Debug|Win32
		{A8B1AAF7-D90C-4B30-BA48-09C642C5CDE6}.Release|ARM.ActiveCfg = Release|ARM
		{A8B1AAF7-D90C-4B30-BA48-09C642C5CDE6}.Release|ARM.Build.0 = Release|ARM
		{A8B1AAF7-D90C-4B30-BA48-09C642C5CDE6}.Release|ARM.Deploy.0 = Release|ARM
		{A8B1AAF7-D90C-4B30-BA48-09C642C5CDE6}.Release|Win32.ActiveCfg = Release|Win32
		{A8B1AAF7-D90C-4B30-BA48-09C642C5CDE6}.Release|Win32.Build.0 = Release|Win32
		{A8B1AAF7-D90C-4B30-BA48-09C642C5CDE6}.Release|Win32.Deploy.0 = Release|Win32
	EndGlobalSection
	GlobalSection(SolutionProperties) = preSolution
		HideSolutionNode = FALSE
	EndGlobalSection
EndGlobal
